
Microsoft Visual Studio Solution File, Format Version 12.00
# Visual Studio Version 17
VisualStudioVersion = 17.2.32516.85
MinimumVisualStudioVersion = 10.0.40219.1
Project("{FAE04EC0-301F-11D3-BF4B-00C04F79EFBC}") = "WebAPIWithDapper.Controllers", "WebAPIWithDapper.Controllers\WebAPIWithDapper.Controllers.csproj", "{FDC142D4-21D9-4B63-9D86-91102D9A2318}"
EndProject
Project("{FAE04EC0-301F-11D3-BF4B-00C04F79EFBC}") = "WebAPIWithDapper.Services", "WebAPIWithDapper.Services\WebAPIWithDapper.Services.csproj", "{3F796192-C6BE-436E-B20A-0FDC5C1D1FE5}"
EndProject
Project("{FAE04EC0-301F-11D3-BF4B-00C04F79EFBC}") = "WebAPIWithDapper.Data", "WebAPIWithDapper.Data\WebAPIWithDapper.Data.csproj", "{98CAF831-7E9F-489F-9F9F-4BB2AD9ECA89}"
EndProject
Project("{FAE04EC0-301F-11D3-BF4B-00C04F79EFBC}") = "WebAPIWithDapper.Core", "WebAPIWithDapper.Core\WebAPIWithDapper.Core.csproj", "{9D4060D3-80AB-49A5-B87A-D4DBABC29935}"
EndProject
Global
	GlobalSection(SolutionConfigurationPlatforms) = preSolution
		Debug|Any CPU = Debug|Any CPU
		Release|Any CPU = Release|Any CPU
	EndGlobalSection
	GlobalSection(ProjectConfigurationPlatforms) = postSolution
		{FDC142D4-21D9-4B63-9D86-91102D9A2318}.Debug|Any CPU.ActiveCfg = Debug|Any CPU
		{FDC142D4-21D9-4B63-9D86-91102D9A2318}.Debug|Any CPU.Build.0 = Debug|Any CPU
		{FDC142D4-21D9-4B63-9D86-91102D9A2318}.Release|Any CPU.ActiveCfg = Release|Any CPU
		{FDC142D4-21D9-4B63-9D86-91102D9A2318}.Release|Any CPU.Build.0 = Release|Any CPU
		{3F796192-C6BE-436E-B20A-0FDC5C1D1FE5}.Debug|Any CPU.ActiveCfg = Debug|Any CPU
		{3F796192-C6BE-436E-B20A-0FDC5C1D1FE5}.Debug|Any CPU.Build.0 = Debug|Any CPU
		{3F796192-C6BE-436E-B20A-0FDC5C1D1FE5}.Release|Any CPU.ActiveCfg = Release|Any CPU
		{3F796192-C6BE-436E-B20A-0FDC5C1D1FE5}.Release|Any CPU.Build.0 = Release|Any CPU
		{98CAF831-7E9F-489F-9F9F-4BB2AD9ECA89}.Debug|Any CPU.ActiveCfg = Debug|Any CPU
		{98CAF831-7E9F-489F-9F9F-4BB2AD9ECA89}.Debug|Any CPU.Build.0 = Debug|Any CPU
		{98CAF831-7E9F-489F-9F9F-4BB2AD9ECA89}.Release|Any CPU.ActiveCfg = Release|Any CPU
		{98CAF831-7E9F-489F-9F9F-4BB2AD9ECA89}.Release|Any CPU.Build.0 = Release|Any CPU
		{9D4060D3-80AB-49A5-B87A-D4DBABC29935}.Debug|Any CPU.ActiveCfg = Debug|Any CPU
		{9D4060D3-80AB-49A5-B87A-D4DBABC29935}.Debug|Any CPU.Build.0 = Debug|Any CPU
		{9D4060D3-80AB-49A5-B87A-D4DBABC29935}.Release|Any CPU.ActiveCfg = Release|Any CPU
		{9D4060D3-80AB-49A5-B87A-D4DBABC29935}.Release|Any CPU.Build.0 = Release|Any CPU
	EndGlobalSection
	GlobalSection(SolutionProperties) = preSolution
		HideSolutionNode = FALSE
	EndGlobalSection
	GlobalSection(ExtensibilityGlobals) = postSolution
		SolutionGuid = {F6C3ABAB-AB41-41B2-A113-EAEA370BA13D}
	EndGlobalSection
EndGlobal
